// !$*UTF8*$!
{
	archiveVersion = 1;
	classes = {
	};
	objectVersion = 55;
	objects = {

/* Begin PBXBuildFile section */
		3F8CD800272B923C00730A56 /* AsyncStoreApp.swift in Sources */ = {isa = PBXBuildFile; fileRef = 3F8CD7FF272B923C00730A56 /* AsyncStoreApp.swift */; };
		3F8CD802272B923C00730A56 /* ContentView.swift in Sources */ = {isa = PBXBuildFile; fileRef = 3F8CD801272B923C00730A56 /* ContentView.swift */; };
		3F8CD804272B923E00730A56 /* Assets.xcassets in Resources */ = {isa = PBXBuildFile; fileRef = 3F8CD803272B923E00730A56 /* Assets.xcassets */; };
		3F8CD807272B923E00730A56 /* Preview Assets.xcassets in Resources */ = {isa = PBXBuildFile; fileRef = 3F8CD806272B923E00730A56 /* Preview Assets.xcassets */; };
		3F8CD811272B923E00730A56 /* AsyncStoreTests.swift in Sources */ = {isa = PBXBuildFile; fileRef = 3F8CD810272B923E00730A56 /* AsyncStoreTests.swift */; };
		3F8CD81B272B923E00730A56 /* AsyncStoreUITests.swift in Sources */ = {isa = PBXBuildFile; fileRef = 3F8CD81A272B923E00730A56 /* AsyncStoreUITests.swift */; };
		3F8CD81D272B923E00730A56 /* AsyncStoreUITestsLaunchTests.swift in Sources */ = {isa = PBXBuildFile; fileRef = 3F8CD81C272B923E00730A56 /* AsyncStoreUITestsLaunchTests.swift */; };
/* End PBXBuildFile section */

/* Begin PBXContainerItemProxy section */
		3F8CD80D272B923E00730A56 /* PBXContainerItemProxy */ = {
			isa = PBXContainerItemProxy;
			containerPortal = 3F8CD7F4272B923C00730A56 /* Project object */;
			proxyType = 1;
			remoteGlobalIDString = 3F8CD7FB272B923C00730A56;
			remoteInfo = AsyncStore;
		};
		3F8CD817272B923E00730A56 /* PBXContainerItemProxy */ = {
			isa = PBXContainerItemProxy;
			containerPortal = 3F8CD7F4272B923C00730A56 /* Project object */;
			proxyType = 1;
			remoteGlobalIDString = 3F8CD7FB272B923C00730A56;
			remoteInfo = AsyncStore;
		};
/* End PBXContainerItemProxy section */

/* Begin PBXFileReference section */
		3F8CD7FC272B923C00730A56 /* AsyncStore.app */ = {isa = PBXFileReference; explicitFileType = wrapper.application; includeInIndex = 0; path = AsyncStore.app; sourceTree = BUILT_PRODUCTS_DIR; };
		3F8CD7FF272B923C00730A56 /* AsyncStoreApp.swift */ = {isa = PBXFileReference; lastKnownFileType = sourcecode.swift; path = AsyncStoreApp.swift; sourceTree = "<group>"; };
		3F8CD801272B923C00730A56 /* ContentView.swift */ = {isa = PBXFileReference; lastKnownFileType = sourcecode.swift; path = ContentView.swift; sourceTree = "<group>"; };
		3F8CD803272B923E00730A56 /* Assets.xcassets */ = {isa = PBXFileReference; lastKnownFileType = folder.assetcatalog; path = Assets.xcassets; sourceTree = "<group>"; };
		3F8CD806272B923E00730A56 /* Preview Assets.xcassets */ = {isa = PBXFileReference; lastKnownFileType = folder.assetcatalog; path = "Preview Assets.xcassets"; sourceTree = "<group>"; };
		3F8CD80C272B923E00730A56 /* AsyncStoreTests.xctest */ = {isa = PBXFileReference; explicitFileType = wrapper.cfbundle; includeInIndex = 0; path = AsyncStoreTests.xctest; sourceTree = BUILT_PRODUCTS_DIR; };
		3F8CD810272B923E00730A56 /* AsyncStoreTests.swift */ = {isa = PBXFileReference; lastKnownFileType = sourcecode.swift; path = AsyncStoreTests.swift; sourceTree = "<group>"; };
		3F8CD816272B923E00730A56 /* AsyncStoreUITests.xctest */ = {isa = PBXFileReference; explicitFileType = wrapper.cfbundle; includeInIndex = 0; path = AsyncStoreUITests.xctest; sourceTree = BUILT_PRODUCTS_DIR; };
		3F8CD81A272B923E00730A56 /* AsyncStoreUITests.swift */ = {isa = PBXFileReference; lastKnownFileType = sourcecode.swift; path = AsyncStoreUITests.swift; sourceTree = "<group>"; };
		3F8CD81C272B923E00730A56 /* AsyncStoreUITestsLaunchTests.swift */ = {isa = PBXFileReference; lastKnownFileType = sourcecode.swift; path = AsyncStoreUITestsLaunchTests.swift; sourceTree = "<group>"; };
/* End PBXFileReference section */

/* Begin PBXFrameworksBuildPhase section */
		3F8CD7F9272B923C00730A56 /* Frameworks */ = {
			isa = PBXFrameworksBuildPhase;
			buildActionMask = 2147483647;
			files = (
			);
			runOnlyForDeploymentPostprocessing = 0;
		};
		3F8CD809272B923E00730A56 /* Frameworks */ = {
			isa = PBXFrameworksBuildPhase;
			buildActionMask = 2147483647;
			files = (
			);
			runOnlyForDeploymentPostprocessing = 0;
		};
		3F8CD813272B923E00730A56 /* Frameworks */ = {
			isa = PBXFrameworksBuildPhase;
			buildActionMask = 2147483647;
			files = (
			);
			runOnlyForDeploymentPostprocessing = 0;
		};
/* End PBXFrameworksBuildPhase section */

/* Begin PBXGroup section */
		3F8CD7F3272B923C00730A56 = {
			isa = PBXGroup;
			children = (
				3F8CD7FE272B923C00730A56 /* AsyncStore */,
				3F8CD80F272B923E00730A56 /* AsyncStoreTests */,
				3F8CD819272B923E00730A56 /* AsyncStoreUITests */,
				3F8CD7FD272B923C00730A56 /* Products */,
			);
			sourceTree = "<group>";
		};
		3F8CD7FD272B923C00730A56 /* Products */ = {
			isa = PBXGroup;
			children = (
				3F8CD7FC272B923C00730A56 /* AsyncStore.app */,
				3F8CD80C272B923E00730A56 /* AsyncStoreTests.xctest */,
				3F8CD816272B923E00730A56 /* AsyncStoreUITests.xctest */,
			);
			name = Products;
			sourceTree = "<group>";
		};
		3F8CD7FE272B923C00730A56 /* AsyncStore */ = {
			isa = PBXGroup;
			children = (
				3F8CD7FF272B923C00730A56 /* AsyncStoreApp.swift */,
				3F8CD801272B923C00730A56 /* ContentView.swift */,
				3F8CD803272B923E00730A56 /* Assets.xcassets */,
				3F8CD805272B923E00730A56 /* Preview Content */,
			);
			path = AsyncStore;
			sourceTree = "<group>";
		};
		3F8CD805272B923E00730A56 /* Preview Content */ = {
			isa = PBXGroup;
			children = (
				3F8CD806272B923E00730A56 /* Preview Assets.xcassets */,
			);
			path = "Preview Content";
			sourceTree = "<group>";
		};
		3F8CD80F272B923E00730A56 /* AsyncStoreTests */ = {
			isa = PBXGroup;
			children = (
				3F8CD810272B923E00730A56 /* AsyncStoreTests.swift */,
			);
			path = AsyncStoreTests;
			sourceTree = "<group>";
		};
		3F8CD819272B923E00730A56 /* AsyncStoreUITests */ = {
			isa = PBXGroup;
			children = (
				3F8CD81A272B923E00730A56 /* AsyncStoreUITests.swift */,
				3F8CD81C272B923E00730A56 /* AsyncStoreUITestsLaunchTests.swift */,
			);
			path = AsyncStoreUITests;
			sourceTree = "<group>";
		};
/* End PBXGroup section */

/* Begin PBXNativeTarget section */
		3F8CD7FB272B923C00730A56 /* AsyncStore */ = {
			isa = PBXNativeTarget;
			buildConfigurationList = 3F8CD820272B923E00730A56 /* Build configuration list for PBXNativeTarget "AsyncStore" */;
			buildPhases = (
				3F8CD7F8272B923C00730A56 /* Sources */,
				3F8CD7F9272B923C00730A56 /* Frameworks */,
				3F8CD7FA272B923C00730A56 /* Resources */,
			);
			buildRules = (
			);
			dependencies = (
			);
			name = AsyncStore;
			productName = AsyncStore;
			productReference = 3F8CD7FC272B923C00730A56 /* AsyncStore.app */;
			productType = "com.apple.product-type.application";
		};
		3F8CD80B272B923E00730A56 /* AsyncStoreTests */ = {
			isa = PBXNativeTarget;
			buildConfigurationList = 3F8CD823272B923E00730A56 /* Build configuration list for PBXNativeTarget "AsyncStoreTests" */;
			buildPhases = (
				3F8CD808272B923E00730A56 /* Sources */,
				3F8CD809272B923E00730A56 /* Frameworks */,
				3F8CD80A272B923E00730A56 /* Resources */,
			);
			buildRules = (
			);
			dependencies = (
				3F8CD80E272B923E00730A56 /* PBXTargetDependency */,
			);
			name = AsyncStoreTests;
			productName = AsyncStoreTests;
			productReference = 3F8CD80C272B923E00730A56 /* AsyncStoreTests.xctest */;
			productType = "com.apple.product-type.bundle.unit-test";
		};
		3F8CD815272B923E00730A56 /* AsyncStoreUITests */ = {
			isa = PBXNativeTarget;
			buildConfigurationList = 3F8CD826272B923E00730A56 /* Build configuration list for PBXNativeTarget "AsyncStoreUITests" */;
			buildPhases = (
				3F8CD812272B923E00730A56 /* Sources */,
				3F8CD813272B923E00730A56 /* Frameworks */,
				3F8CD814272B923E00730A56 /* Resources */,
			);
			buildRules = (
			);
			dependencies = (
				3F8CD818272B923E00730A56 /* PBXTargetDependency */,
			);
			name = AsyncStoreUITests;
			productName = AsyncStoreUITests;
			productReference = 3F8CD816272B923E00730A56 /* AsyncStoreUITests.xctest */;
			productType = "com.apple.product-type.bundle.ui-testing";
		};
/* End PBXNativeTarget section */

/* Begin PBXProject section */
		3F8CD7F4272B923C00730A56 /* Project object */ = {
			isa = PBXProject;
			attributes = {
				BuildIndependentTargetsInParallel = 1;
				LastSwiftUpdateCheck = 1310;
				LastUpgradeCheck = 1310;
				TargetAttributes = {
					3F8CD7FB272B923C00730A56 = {
						CreatedOnToolsVersion = 13.1;
					};
					3F8CD80B272B923E00730A56 = {
						CreatedOnToolsVersion = 13.1;
						TestTargetID = 3F8CD7FB272B923C00730A56;
					};
					3F8CD815272B923E00730A56 = {
						CreatedOnToolsVersion = 13.1;
						TestTargetID = 3F8CD7FB272B923C00730A56;
					};
				};
			};
			buildConfigurationList = 3F8CD7F7272B923C00730A56 /* Build configuration list for PBXProject "AsyncStore" */;
			compatibilityVersion = "Xcode 13.0";
			developmentRegion = en;
			hasScannedForEncodings = 0;
			knownRegions = (
				en,
				Base,
			);
			mainGroup = 3F8CD7F3272B923C00730A56;
			productRefGroup = 3F8CD7FD272B923C00730A56 /* Products */;
			projectDirPath = "";
			projectRoot = "";
			targets = (
				3F8CD7FB272B923C00730A56 /* AsyncStore */,
				3F8CD80B272B923E00730A56 /* AsyncStoreTests */,
				3F8CD815272B923E00730A56 /* AsyncStoreUITests */,
			);
		};
/* End PBXProject section */

/* Begin PBXResourcesBuildPhase section */
		3F8CD7FA272B923C00730A56 /* Resources */ = {
			isa = PBXResourcesBuildPhase;
			buildActionMask = 2147483647;
			files = (
				3F8CD807272B923E00730A56 /* Preview Assets.xcassets in Resources */,
				3F8CD804272B923E00730A56 /* Assets.xcassets in Resources */,
			);
			runOnlyForDeploymentPostprocessing = 0;
		};
		3F8CD80A272B923E00730A56 /* Resources */ = {
			isa = PBXResourcesBuildPhase;
			buildActionMask = 2147483647;
			files = (
			);
			runOnlyForDeploymentPostprocessing = 0;
		};
		3F8CD814272B923E00730A56 /* Resources */ = {
			isa = PBXResourcesBuildPhase;
			buildActionMask = 2147483647;
			files = (
			);
			runOnlyForDeploymentPostprocessing = 0;
		};
/* End PBXResourcesBuildPhase section */

/* Begin PBXSourcesBuildPhase section */
		3F8CD7F8272B923C00730A56 /* Sources */ = {
			isa = PBXSourcesBuildPhase;
			buildActionMask = 2147483647;
			files = (
				3F8CD802272B923C00730A56 /* ContentView.swift in Sources */,
				3F8CD800272B923C00730A56 /* AsyncStoreApp.swift in Sources */,
			);
			runOnlyForDeploymentPostprocessing = 0;
		};
		3F8CD808272B923E00730A56 /* Sources */ = {
			isa = PBXSourcesBuildPhase;
			buildActionMask = 2147483647;
			files = (
				3F8CD811272B923E00730A56 /* AsyncStoreTests.swift in Sources */,
			);
			runOnlyForDeploymentPostprocessing = 0;
		};
		3F8CD812272B923E00730A56 /* Sources */ = {
			isa = PBXSourcesBuildPhase;
			buildActionMask = 2147483647;
			files = (
				3F8CD81B272B923E00730A56 /* AsyncStoreUITests.swift in Sources */,
				3F8CD81D272B923E00730A56 /* AsyncStoreUITestsLaunchTests.swift in Sources */,
			);
			runOnlyForDeploymentPostprocessing = 0;
		};
/* End PBXSourcesBuildPhase section */

/* Begin PBXTargetDependency section */
		3F8CD80E272B923E00730A56 /* PBXTargetDependency */ = {
			isa = PBXTargetDependency;
			target = 3F8CD7FB272B923C00730A56 /* AsyncStore */;
			targetProxy = 3F8CD80D272B923E00730A56 /* PBXContainerItemProxy */;
		};
		3F8CD818272B923E00730A56 /* PBXTargetDependency */ = {
			isa = PBXTargetDependency;
			target = 3F8CD7FB272B923C00730A56 /* AsyncStore */;
			targetProxy = 3F8CD817272B923E00730A56 /* PBXContainerItemProxy */;
		};
/* End PBXTargetDependency section */

/* Begin XCBuildConfiguration section */
		3F8CD81E272B923E00730A56 /* Debug */ = {
			isa = XCBuildConfiguration;
			buildSettings = {
				ALWAYS_SEARCH_USER_PATHS = NO;
				CLANG_ANALYZER_NONNULL = YES;
				CLANG_ANALYZER_NUMBER_OBJECT_CONVERSION = YES_AGGRESSIVE;
				CLANG_CXX_LANGUAGE_STANDARD = "gnu++17";
				CLANG_CXX_LIBRARY = "libc++";
				CLANG_ENABLE_MODULES = YES;
				CLANG_ENABLE_OBJC_ARC = YES;
				CLANG_ENABLE_OBJC_WEAK = YES;
				CLANG_WARN_BLOCK_CAPTURE_AUTORELEASING = YES;
				CLANG_WARN_BOOL_CONVERSION = YES;
				CLANG_WARN_COMMA = YES;
				CLANG_WARN_CONSTANT_CONVERSION = YES;
				CLANG_WARN_DEPRECATED_OBJC_IMPLEMENTATIONS = YES;
				CLANG_WARN_DIRECT_OBJC_ISA_USAGE = YES_ERROR;
				CLANG_WARN_DOCUMENTATION_COMMENTS = YES;
				CLANG_WARN_EMPTY_BODY = YES;
				CLANG_WARN_ENUM_CONVERSION = YES;
				CLANG_WARN_INFINITE_RECURSION = YES;
				CLANG_WARN_INT_CONVERSION = YES;
				CLANG_WARN_NON_LITERAL_NULL_CONVERSION = YES;
				CLANG_WARN_OBJC_IMPLICIT_RETAIN_SELF = YES;
				CLANG_WARN_OBJC_LITERAL_CONVERSION = YES;
				CLANG_WARN_OBJC_ROOT_CLASS = YES_ERROR;
				CLANG_WARN_QUOTED_INCLUDE_IN_FRAMEWORK_HEADER = YES;
				CLANG_WARN_RANGE_LOOP_ANALYSIS = YES;
				CLANG_WARN_STRICT_PROTOTYPES = YES;
				CLANG_WARN_SUSPICIOUS_MOVE = YES;
				CLANG_WARN_UNGUARDED_AVAILABILITY = YES_AGGRESSIVE;
				CLANG_WARN_UNREACHABLE_CODE = YES;
				CLANG_WARN__DUPLICATE_METHOD_MATCH = YES;
				COPY_PHASE_STRIP = NO;
				DEBUG_INFORMATION_FORMAT = dwarf;
				ENABLE_STRICT_OBJC_MSGSEND = YES;
				ENABLE_TESTABILITY = YES;
				GCC_C_LANGUAGE_STANDARD = gnu11;
				GCC_DYNAMIC_NO_PIC = NO;
				GCC_NO_COMMON_BLOCKS = YES;
				GCC_OPTIMIZATION_LEVEL = 0;
				GCC_PREPROCESSOR_DEFINITIONS = (
					"DEBUG=1",
					"$(inherited)",
				);
				GCC_WARN_64_TO_32_BIT_CONVERSION = YES;
				GCC_WARN_ABOUT_RETURN_TYPE = YES_ERROR;
				GCC_WARN_UNDECLARED_SELECTOR = YES;
				GCC_WARN_UNINITIALIZED_AUTOS = YES_AGGRESSIVE;
				GCC_WARN_UNUSED_FUNCTION = YES;
				GCC_WARN_UNUSED_VARIABLE = YES;
				IPHONEOS_DEPLOYMENT_TARGET = 15.0;
				MTL_ENABLE_DEBUG_INFO = INCLUDE_SOURCE;
				MTL_FAST_MATH = YES;
				ONLY_ACTIVE_ARCH = YES;
				SDKROOT = iphoneos;
				SWIFT_ACTIVE_COMPILATION_CONDITIONS = DEBUG;
				SWIFT_OPTIMIZATION_LEVEL = "-Onone";
			};
			name = Debug;
		};
		3F8CD81F272B923E00730A56 /* Release */ = {
			isa = XCBuildConfiguration;
			buildSettings = {
				ALWAYS_SEARCH_USER_PATHS = NO;
				CLANG_ANALYZER_NONNULL = YES;
				CLANG_ANALYZER_NUMBER_OBJECT_CONVERSION = YES_AGGRESSIVE;
				CLANG_CXX_LANGUAGE_STANDARD = "gnu++17";
				CLANG_CXX_LIBRARY = "libc++";
				CLANG_ENABLE_MODULES = YES;
				CLANG_ENABLE_OBJC_ARC = YES;
				CLANG_ENABLE_OBJC_WEAK = YES;
				CLANG_WARN_BLOCK_CAPTURE_AUTORELEASING = YES;
				CLANG_WARN_BOOL_CONVERSION = YES;
				CLANG_WARN_COMMA = YES;
				CLANG_WARN_CONSTANT_CONVERSION = YES;
				CLANG_WARN_DEPRECATED_OBJC_IMPLEMENTATIONS = YES;
				CLANG_WARN_DIRECT_OBJC_ISA_USAGE = YES_ERROR;
				CLANG_WARN_DOCUMENTATION_COMMENTS = YES;
				CLANG_WARN_EMPTY_BODY = YES;
				CLANG_WARN_ENUM_CONVERSION = YES;
				CLANG_WARN_INFINITE_RECURSION = YES;
				CLANG_WARN_INT_CONVERSION = YES;
				CLANG_WARN_NON_LITERAL_NULL_CONVERSION = YES;
				CLANG_WARN_OBJC_IMPLICIT_RETAIN_SELF = YES;
				CLANG_WARN_OBJC_LITERAL_CONVERSION = YES;
				CLANG_WARN_OBJC_ROOT_CLASS = YES_ERROR;
				CLANG_WARN_QUOTED_INCLUDE_IN_FRAMEWORK_HEADER = YES;
				CLANG_WARN_RANGE_LOOP_ANALYSIS = YES;
				CLANG_WARN_STRICT_PROTOTYPES = YES;
				CLANG_WARN_SUSPICIOUS_MOVE = YES;
				CLANG_WARN_UNGUARDED_AVAILABILITY = YES_AGGRESSIVE;
				CLANG_WARN_UNREACHABLE_CODE = YES;
				CLANG_WARN__DUPLICATE_METHOD_MATCH = YES;
				COPY_PHASE_STRIP = NO;
				DEBUG_INFORMATION_FORMAT = "dwarf-with-dsym";
				ENABLE_NS_ASSERTIONS = NO;
				ENABLE_STRICT_OBJC_MSGSEND = YES;
				GCC_C_LANGUAGE_STANDARD = gnu11;
				GCC_NO_COMMON_BLOCKS = YES;
				GCC_WARN_64_TO_32_BIT_CONVERSION = YES;
				GCC_WARN_ABOUT_RETURN_TYPE = YES_ERROR;
				GCC_WARN_UNDECLARED_SELECTOR = YES;
				GCC_WARN_UNINITIALIZED_AUTOS = YES_AGGRESSIVE;
				GCC_WARN_UNUSED_FUNCTION = YES;
				GCC_WARN_UNUSED_VARIABLE = YES;
				IPHONEOS_DEPLOYMENT_TARGET = 15.0;
				MTL_ENABLE_DEBUG_INFO = NO;
				MTL_FAST_MATH = YES;
				SDKROOT = iphoneos;
				SWIFT_COMPILATION_MODE = wholemodule;
				SWIFT_OPTIMIZATION_LEVEL = "-O";
				VALIDATE_PRODUCT = YES;
			};
			name = Release;
		};
		3F8CD821272B923E00730A56 /* Debug */ = {
			isa = XCBuildConfiguration;
			buildSettings = {
				ASSETCATALOG_COMPILER_APPICON_NAME = AppIcon;
				ASSETCATALOG_COMPILER_GLOBAL_ACCENT_COLOR_NAME = AccentColor;
				CODE_SIGN_STYLE = Automatic;
				CURRENT_PROJECT_VERSION = 1;
				DEVELOPMENT_ASSET_PATHS = "\"AsyncStore/Preview Content\"";
				ENABLE_PREVIEWS = YES;
				GENERATE_INFOPLIST_FILE = YES;
				INFOPLIST_KEY_UIApplicationSceneManifest_Generation = YES;
				INFOPLIST_KEY_UIApplicationSupportsIndirectInputEvents = YES;
				INFOPLIST_KEY_UILaunchScreen_Generation = YES;
				INFOPLIST_KEY_UISupportedInterfaceOrientations_iPad = "UIInterfaceOrientationPortrait UIInterfaceOrientationPortraitUpsideDown UIInterfaceOrientationLandscapeLeft UIInterfaceOrientationLandscapeRight";
				INFOPLIST_KEY_UISupportedInterfaceOrientations_iPhone = "UIInterfaceOrientationPortrait UIInterfaceOrientationLandscapeLeft UIInterfaceOrientationLandscapeRight";
				LD_RUNPATH_SEARCH_PATHS = (
					"$(inherited)",
					"@executable_path/Frameworks",
				);
				MARKETING_VERSION = 1.0;
				PRODUCT_BUNDLE_IDENTIFIER = com.rjchatfield.AsyncStore;
				PRODUCT_NAME = "$(TARGET_NAME)";
				SWIFT_EMIT_LOC_STRINGS = YES;
				SWIFT_VERSION = 5.0;
				TARGETED_DEVICE_FAMILY = "1,2";
			};
			name = Debug;
		};
		3F8CD822272B923E00730A56 /* Release */ = {
			isa = XCBuildConfiguration;
			buildSettings = {
				ASSETCATALOG_COMPILER_APPICON_NAME = AppIcon;
				ASSETCATALOG_COMPILER_GLOBAL_ACCENT_COLOR_NAME = AccentColor;
				CODE_SIGN_STYLE = Automatic;
				CURRENT_PROJECT_VERSION = 1;
				DEVELOPMENT_ASSET_PATHS = "\"AsyncStore/Preview Content\"";
				ENABLE_PREVIEWS = YES;
				GENERATE_INFOPLIST_FILE = YES;
				INFOPLIST_KEY_UIApplicationSceneManifest_Generation = YES;
				INFOPLIST_KEY_UIApplicationSupportsIndirectInputEvents = YES;
				INFOPLIST_KEY_UILaunchScreen_Generation = YES;
				INFOPLIST_KEY_UISupportedInterfaceOrientations_iPad = "UIInterfaceOrientationPortrait UIInterfaceOrientationPortraitUpsideDown UIInterfaceOrientationLandscapeLeft UIInterfaceOrientationLandscapeRight";
				INFOPLIST_KEY_UISupportedInterfaceOrientations_iPhone = "UIInterfaceOrientationPortrait UIInterfaceOrientationLandscapeLeft UIInterfaceOrientationLandscapeRight";
				LD_RUNPATH_SEARCH_PATHS = (
					"$(inherited)",
					"@executable_path/Frameworks",
				);
				MARKETING_VERSION = 1.0;
				PRODUCT_BUNDLE_IDENTIFIER = com.rjchatfield.AsyncStore;
				PRODUCT_NAME = "$(TARGET_NAME)";
				SWIFT_EMIT_LOC_STRINGS = YES;
				SWIFT_VERSION = 5.0;
				TARGETED_DEVICE_FAMILY = "1,2";
			};
			name = Release;
		};
		3F8CD824272B923E00730A56 /* Debug */ = {
			isa = XCBuildConfiguration;
			buildSettings = {
				ALWAYS_EMBED_SWIFT_STANDARD_LIBRARIES = YES;
				BUNDLE_LOADER = "$(TEST_HOST)";
				CODE_SIGN_STYLE = Automatic;
				CURRENT_PROJECT_VERSION = 1;
				GENERATE_INFOPLIST_FILE = YES;
				IPHONEOS_DEPLOYMENT_TARGET = 15.0;
				LD_RUNPATH_SEARCH_PATHS = (
					"$(inherited)",
					"@executable_path/Frameworks",
					"@loader_path/Frameworks",
				);
				MARKETING_VERSION = 1.0;
				PRODUCT_BUNDLE_IDENTIFIER = com.rjchatfield.AsyncStoreTests;
				PRODUCT_NAME = "$(TARGET_NAME)";
				SWIFT_EMIT_LOC_STRINGS = NO;
				SWIFT_VERSION = 5.0;
				TARGETED_DEVICE_FAMILY = "1,2";
				TEST_HOST = "$(BUILT_PRODUCTS_DIR)/AsyncStore.app/AsyncStore";
			};
			name = Debug;
		};
		3F8CD825272B923E00730A56 /* Release */ = {
			isa = XCBuildConfiguration;
			buildSettings = {
				ALWAYS_EMBED_SWIFT_STANDARD_LIBRARIES = YES;
				BUNDLE_LOADER = "$(TEST_HOST)";
				CODE_SIGN_STYLE = Automatic;
				CURRENT_PROJECT_VERSION = 1;
				GENERATE_INFOPLIST_FILE = YES;
				IPHONEOS_DEPLOYMENT_TARGET = 15.0;
				LD_RUNPATH_SEARCH_PATHS = (
					"$(inherited)",
					"@executable_path/Frameworks",
					"@loader_path/Frameworks",
				);
				MARKETING_VERSION = 1.0;
				PRODUCT_BUNDLE_IDENTIFIER = com.rjchatfield.AsyncStoreTests;
				PRODUCT_NAME = "$(TARGET_NAME)";
				SWIFT_EMIT_LOC_STRINGS = NO;
				SWIFT_VERSION = 5.0;
				TARGETED_DEVICE_FAMILY = "1,2";
				TEST_HOST = "$(BUILT_PRODUCTS_DIR)/AsyncStore.app/AsyncStore";
			};
			name = Release;
		};
		3F8CD827272B923E00730A56 /* Debug */ = {
			isa = XCBuildConfiguration;
			buildSettings = {
				ALWAYS_EMBED_SWIFT_STANDARD_LIBRARIES = YES;
				CODE_SIGN_STYLE = Automatic;
				CURRENT_PROJECT_VERSION = 1;
				GENERATE_INFOPLIST_FILE = YES;
				LD_RUNPATH_SEARCH_PATHS = (
					"$(inherited)",
					"@executable_path/Frameworks",
					"@loader_path/Frameworks",
				);
				MARKETING_VERSION = 1.0;
				PRODUCT_BUNDLE_IDENTIFIER = com.rjchatfield.AsyncStoreUITests;
				PRODUCT_NAME = "$(TARGET_NAME)";
				SWIFT_EMIT_LOC_STRINGS = NO;
				SWIFT_VERSION = 5.0;
				TARGETED_DEVICE_FAMILY = "1,2";
				TEST_TARGET_NAME = AsyncStore;
			};
			name = Debug;
		};
		3F8CD828272B923E00730A56 /* Release */ = {
			isa = XCBuildConfiguration;
			buildSettings = {
				ALWAYS_EMBED_SWIFT_STANDARD_LIBRARIES = YES;
				CODE_SIGN_STYLE = Automatic;
				CURRENT_PROJECT_VERSION = 1;
				GENERATE_INFOPLIST_FILE = YES;
				LD_RUNPATH_SEARCH_PATHS = (
					"$(inherited)",
					"@executable_path/Frameworks",
					"@loader_path/Frameworks",
				);
				MARKETING_VERSION = 1.0;
				PRODUCT_BUNDLE_IDENTIFIER = com.rjchatfield.AsyncStoreUITests;
				PRODUCT_NAME = "$(TARGET_NAME)";
				SWIFT_EMIT_LOC_STRINGS = NO;
				SWIFT_VERSION = 5.0;
				TARGETED_DEVICE_FAMILY = "1,2";
				TEST_TARGET_NAME = AsyncStore;
			};
			name = Release;
		};
/* End XCBuildConfiguration section */

/* Begin XCConfigurationList section */
		3F8CD7F7272B923C00730A56 /* Build configuration list for PBXProject "AsyncStore" */ = {
			isa = XCConfigurationList;
			buildConfigurations = (
				3F8CD81E272B923E00730A56 /* Debug */,
				3F8CD81F272B923E00730A56 /* Release */,
			);
			defaultConfigurationIsVisible = 0;
			defaultConfigurationName = Release;
		};
		3F8CD820272B923E00730A56 /* Build configuration list for PBXNativeTarget "AsyncStore" */ = {
			isa = XCConfigurationList;
			buildConfigurations = (
				3F8CD821272B923E00730A56 /* Debug */,
				3F8CD822272B923E00730A56 /* Release */,
			);
			defaultConfigurationIsVisible = 0;
			defaultConfigurationName = Release;
		};
		3F8CD823272B923E00730A56 /* Build configuration list for PBXNativeTarget "AsyncStoreTests" */ = {
			isa = XCConfigurationList;
			buildConfigurations = (
				3F8CD824272B923E00730A56 /* Debug */,
				3F8CD825272B923E00730A56 /* Release */,
			);
			defaultConfigurationIsVisible = 0;
			defaultConfigurationName = Release;
		};
		3F8CD826272B923E00730A56 /* Build configuration list for PBXNativeTarget "AsyncStoreUITests" */ = {
			isa = XCConfigurationList;
			buildConfigurations = (
				3F8CD827272B923E00730A56 /* Debug */,
				3F8CD828272B923E00730A56 /* Release */,
			);
			defaultConfigurationIsVisible = 0;
			defaultConfigurationName = Release;
		};
/* End XCConfigurationList section */
	};
	rootObject = 3F8CD7F4272B923C00730A56 /* Project object */;
}
