// !$*UTF8*$!
{
	archiveVersion = 1;
	classes = {
	};
	objectVersion = 55;
	objects = {

/* Begin PBXBuildFile section */
		3F8CD83E272B9B8D00730A56 /* AsyncArchitectureTests.swift in Sources */ = {isa = PBXBuildFile; fileRef = 3F8CD83D272B9B8D00730A56 /* AsyncArchitectureTests.swift */; };
		3F8CD83F272B9B8D00730A56 /* libAsyncArchitecture.a in Frameworks */ = {isa = PBXBuildFile; fileRef = 3F8CD82F272B9B6B00730A56 /* libAsyncArchitecture.a */; };
		3FC09F1F272C13B70063186F /* AsyncStore.swift in Sources */ = {isa = PBXBuildFile; fileRef = 3F8CD829272B924D00730A56 /* AsyncStore.swift */; };
/* End PBXBuildFile section */

/* Begin PBXContainerItemProxy section */
		3F8CD840272B9B8D00730A56 /* PBXContainerItemProxy */ = {
			isa = PBXContainerItemProxy;
			containerPortal = 3F8CD7F4272B923C00730A56 /* Project object */;
			proxyType = 1;
			remoteGlobalIDString = 3F8CD82E272B9B6B00730A56;
			remoteInfo = AsyncArchitecture;
		};
/* End PBXContainerItemProxy section */

/* Begin PBXCopyFilesBuildPhase section */
		3F8CD82D272B9B6B00730A56 /* CopyFiles */ = {
			isa = PBXCopyFilesBuildPhase;
			buildActionMask = 2147483647;
			dstPath = "include/$(PRODUCT_NAME)";
			dstSubfolderSpec = 16;
			files = (
			);
			runOnlyForDeploymentPostprocessing = 0;
		};
/* End PBXCopyFilesBuildPhase section */

/* Begin PBXFileReference section */
		3F8CD829272B924D00730A56 /* AsyncStore.swift */ = {isa = PBXFileReference; lastKnownFileType = sourcecode.swift; path = AsyncStore.swift; sourceTree = "<group>"; };
		3F8CD82F272B9B6B00730A56 /* libAsyncArchitecture.a */ = {isa = PBXFileReference; explicitFileType = archive.ar; includeInIndex = 0; path = libAsyncArchitecture.a; sourceTree = BUILT_PRODUCTS_DIR; };
		3F8CD83B272B9B8D00730A56 /* AsyncArchitectureTests.xctest */ = {isa = PBXFileReference; explicitFileType = wrapper.cfbundle; includeInIndex = 0; path = AsyncArchitectureTests.xctest; sourceTree = BUILT_PRODUCTS_DIR; };
		3F8CD83D272B9B8D00730A56 /* AsyncArchitectureTests.swift */ = {isa = PBXFileReference; lastKnownFileType = sourcecode.swift; path = AsyncArchitectureTests.swift; sourceTree = "<group>"; };
/* End PBXFileReference section */

/* Begin PBXFrameworksBuildPhase section */
		3F8CD82C272B9B6B00730A56 /* Frameworks */ = {
			isa = PBXFrameworksBuildPhase;
			buildActionMask = 2147483647;
			files = (
			);
			runOnlyForDeploymentPostprocessing = 0;
		};
		3F8CD838272B9B8D00730A56 /* Frameworks */ = {
			isa = PBXFrameworksBuildPhase;
			buildActionMask = 2147483647;
			files = (
				3F8CD83F272B9B8D00730A56 /* libAsyncArchitecture.a in Frameworks */,
			);
			runOnlyForDeploymentPostprocessing = 0;
		};
/* End PBXFrameworksBuildPhase section */

/* Begin PBXGroup section */
		3F8CD7F3272B923C00730A56 = {
			isa = PBXGroup;
			children = (
				3F8CD830272B9B6B00730A56 /* AsyncArchitecture */,
				3F8CD83C272B9B8D00730A56 /* AsyncArchitectureTests */,
				3F8CD7FD272B923C00730A56 /* Products */,
			);
			sourceTree = "<group>";
		};
		3F8CD7FD272B923C00730A56 /* Products */ = {
			isa = PBXGroup;
			children = (
				3F8CD82F272B9B6B00730A56 /* libAsyncArchitecture.a */,
				3F8CD83B272B9B8D00730A56 /* AsyncArchitectureTests.xctest */,
			);
			name = Products;
			sourceTree = "<group>";
		};
		3F8CD830272B9B6B00730A56 /* AsyncArchitecture */ = {
			isa = PBXGroup;
			children = (
				3F8CD829272B924D00730A56 /* AsyncStore.swift */,
			);
			path = AsyncArchitecture;
			sourceTree = "<group>";
		};
		3F8CD83C272B9B8D00730A56 /* AsyncArchitectureTests */ = {
			isa = PBXGroup;
			children = (
				3F8CD83D272B9B8D00730A56 /* AsyncArchitectureTests.swift */,
			);
			path = AsyncArchitectureTests;
			sourceTree = "<group>";
		};
/* End PBXGroup section */

/* Begin PBXNativeTarget section */
		3F8CD82E272B9B6B00730A56 /* AsyncArchitecture */ = {
			isa = PBXNativeTarget;
			buildConfigurationList = 3F8CD833272B9B6B00730A56 /* Build configuration list for PBXNativeTarget "AsyncArchitecture" */;
			buildPhases = (
				3F8CD82B272B9B6B00730A56 /* Sources */,
				3F8CD82C272B9B6B00730A56 /* Frameworks */,
				3F8CD82D272B9B6B00730A56 /* CopyFiles */,
			);
			buildRules = (
			);
			dependencies = (
			);
			name = AsyncArchitecture;
			productName = AsyncArchitecture;
			productReference = 3F8CD82F272B9B6B00730A56 /* libAsyncArchitecture.a */;
			productType = "com.apple.product-type.library.static";
		};
		3F8CD83A272B9B8D00730A56 /* AsyncArchitectureTests */ = {
			isa = PBXNativeTarget;
			buildConfigurationList = 3F8CD842272B9B8D00730A56 /* Build configuration list for PBXNativeTarget "AsyncArchitectureTests" */;
			buildPhases = (
				3F8CD837272B9B8D00730A56 /* Sources */,
				3F8CD838272B9B8D00730A56 /* Frameworks */,
				3F8CD839272B9B8D00730A56 /* Resources */,
			);
			buildRules = (
			);
			dependencies = (
				3F8CD841272B9B8D00730A56 /* PBXTargetDependency */,
			);
			name = AsyncArchitectureTests;
			productName = AsyncArchitectureTests;
			productReference = 3F8CD83B272B9B8D00730A56 /* AsyncArchitectureTests.xctest */;
			productType = "com.apple.product-type.bundle.unit-test";
		};
/* End PBXNativeTarget section */

/* Begin PBXProject section */
		3F8CD7F4272B923C00730A56 /* Project object */ = {
			isa = PBXProject;
			attributes = {
				BuildIndependentTargetsInParallel = 1;
				LastSwiftUpdateCheck = 1310;
				LastUpgradeCheck = 1310;
				TargetAttributes = {
					3F8CD82E272B9B6B00730A56 = {
						CreatedOnToolsVersion = 13.1;
					};
					3F8CD83A272B9B8D00730A56 = {
						CreatedOnToolsVersion = 13.1;
					};
				};
			};
			buildConfigurationList = 3F8CD7F7272B923C00730A56 /* Build configuration list for PBXProject "AsyncStore" */;
			compatibilityVersion = "Xcode 13.0";
			developmentRegion = en;
			hasScannedForEncodings = 0;
			knownRegions = (
				en,
				Base,
			);
			mainGroup = 3F8CD7F3272B923C00730A56;
			productRefGroup = 3F8CD7FD272B923C00730A56 /* Products */;
			projectDirPath = "";
			projectRoot = "";
			targets = (
				3F8CD82E272B9B6B00730A56 /* AsyncArchitecture */,
				3F8CD83A272B9B8D00730A56 /* AsyncArchitectureTests */,
			);
		};
/* End PBXProject section */

/* Begin PBXResourcesBuildPhase section */
		3F8CD839272B9B8D00730A56 /* Resources */ = {
			isa = PBXResourcesBuildPhase;
			buildActionMask = 2147483647;
			files = (
			);
			runOnlyForDeploymentPostprocessing = 0;
		};
/* End PBXResourcesBuildPhase section */

/* Begin PBXSourcesBuildPhase section */
		3F8CD82B272B9B6B00730A56 /* Sources */ = {
			isa = PBXSourcesBuildPhase;
			buildActionMask = 2147483647;
			files = (
				3FC09F1F272C13B70063186F /* AsyncStore.swift in Sources */,
			);
			runOnlyForDeploymentPostprocessing = 0;
		};
		3F8CD837272B9B8D00730A56 /* Sources */ = {
			isa = PBXSourcesBuildPhase;
			buildActionMask = 2147483647;
			files = (
				3F8CD83E272B9B8D00730A56 /* AsyncArchitectureTests.swift in Sources */,
			);
			runOnlyForDeploymentPostprocessing = 0;
		};
/* End PBXSourcesBuildPhase section */

/* Begin PBXTargetDependency section */
		3F8CD841272B9B8D00730A56 /* PBXTargetDependency */ = {
			isa = PBXTargetDependency;
			target = 3F8CD82E272B9B6B00730A56 /* AsyncArchitecture */;
			targetProxy = 3F8CD840272B9B8D00730A56 /* PBXContainerItemProxy */;
		};
/* End PBXTargetDependency section */

/* Begin XCBuildConfiguration section */
		3F8CD81E272B923E00730A56 /* Debug */ = {
			isa = XCBuildConfiguration;
			buildSettings = {
				ALWAYS_SEARCH_USER_PATHS = NO;
				CLANG_ANALYZER_NONNULL = YES;
				CLANG_ANALYZER_NUMBER_OBJECT_CONVERSION = YES_AGGRESSIVE;
				CLANG_CXX_LANGUAGE_STANDARD = "gnu++17";
				CLANG_CXX_LIBRARY = "libc++";
				CLANG_ENABLE_MODULES = YES;
				CLANG_ENABLE_OBJC_ARC = YES;
				CLANG_ENABLE_OBJC_WEAK = YES;
				CLANG_WARN_BLOCK_CAPTURE_AUTORELEASING = YES;
				CLANG_WARN_BOOL_CONVERSION = YES;
				CLANG_WARN_COMMA = YES;
				CLANG_WARN_CONSTANT_CONVERSION = YES;
				CLANG_WARN_DEPRECATED_OBJC_IMPLEMENTATIONS = YES;
				CLANG_WARN_DIRECT_OBJC_ISA_USAGE = YES_ERROR;
				CLANG_WARN_DOCUMENTATION_COMMENTS = YES;
				CLANG_WARN_EMPTY_BODY = YES;
				CLANG_WARN_ENUM_CONVERSION = YES;
				CLANG_WARN_INFINITE_RECURSION = YES;
				CLANG_WARN_INT_CONVERSION = YES;
				CLANG_WARN_NON_LITERAL_NULL_CONVERSION = YES;
				CLANG_WARN_OBJC_IMPLICIT_RETAIN_SELF = YES;
				CLANG_WARN_OBJC_LITERAL_CONVERSION = YES;
				CLANG_WARN_OBJC_ROOT_CLASS = YES_ERROR;
				CLANG_WARN_QUOTED_INCLUDE_IN_FRAMEWORK_HEADER = YES;
				CLANG_WARN_RANGE_LOOP_ANALYSIS = YES;
				CLANG_WARN_STRICT_PROTOTYPES = YES;
				CLANG_WARN_SUSPICIOUS_MOVE = YES;
				CLANG_WARN_UNGUARDED_AVAILABILITY = YES_AGGRESSIVE;
				CLANG_WARN_UNREACHABLE_CODE = YES;
				CLANG_WARN__DUPLICATE_METHOD_MATCH = YES;
				COPY_PHASE_STRIP = NO;
				DEBUG_INFORMATION_FORMAT = dwarf;
				ENABLE_STRICT_OBJC_MSGSEND = YES;
				ENABLE_TESTABILITY = YES;
				GCC_C_LANGUAGE_STANDARD = gnu11;
				GCC_DYNAMIC_NO_PIC = NO;
				GCC_NO_COMMON_BLOCKS = YES;
				GCC_OPTIMIZATION_LEVEL = 0;
				GCC_PREPROCESSOR_DEFINITIONS = (
					"DEBUG=1",
					"$(inherited)",
				);
				GCC_WARN_64_TO_32_BIT_CONVERSION = YES;
				GCC_WARN_ABOUT_RETURN_TYPE = YES_ERROR;
				GCC_WARN_UNDECLARED_SELECTOR = YES;
				GCC_WARN_UNINITIALIZED_AUTOS = YES_AGGRESSIVE;
				GCC_WARN_UNUSED_FUNCTION = YES;
				GCC_WARN_UNUSED_VARIABLE = YES;
				IPHONEOS_DEPLOYMENT_TARGET = 15.0;
				MTL_ENABLE_DEBUG_INFO = INCLUDE_SOURCE;
				MTL_FAST_MATH = YES;
				ONLY_ACTIVE_ARCH = YES;
				SDKROOT = iphoneos;
				SWIFT_ACTIVE_COMPILATION_CONDITIONS = DEBUG;
				SWIFT_OPTIMIZATION_LEVEL = "-Onone";
			};
			name = Debug;
		};
		3F8CD81F272B923E00730A56 /* Release */ = {
			isa = XCBuildConfiguration;
			buildSettings = {
				ALWAYS_SEARCH_USER_PATHS = NO;
				CLANG_ANALYZER_NONNULL = YES;
				CLANG_ANALYZER_NUMBER_OBJECT_CONVERSION = YES_AGGRESSIVE;
				CLANG_CXX_LANGUAGE_STANDARD = "gnu++17";
				CLANG_CXX_LIBRARY = "libc++";
				CLANG_ENABLE_MODULES = YES;
				CLANG_ENABLE_OBJC_ARC = YES;
				CLANG_ENABLE_OBJC_WEAK = YES;
				CLANG_WARN_BLOCK_CAPTURE_AUTORELEASING = YES;
				CLANG_WARN_BOOL_CONVERSION = YES;
				CLANG_WARN_COMMA = YES;
				CLANG_WARN_CONSTANT_CONVERSION = YES;
				CLANG_WARN_DEPRECATED_OBJC_IMPLEMENTATIONS = YES;
				CLANG_WARN_DIRECT_OBJC_ISA_USAGE = YES_ERROR;
				CLANG_WARN_DOCUMENTATION_COMMENTS = YES;
				CLANG_WARN_EMPTY_BODY = YES;
				CLANG_WARN_ENUM_CONVERSION = YES;
				CLANG_WARN_INFINITE_RECURSION = YES;
				CLANG_WARN_INT_CONVERSION = YES;
				CLANG_WARN_NON_LITERAL_NULL_CONVERSION = YES;
				CLANG_WARN_OBJC_IMPLICIT_RETAIN_SELF = YES;
				CLANG_WARN_OBJC_LITERAL_CONVERSION = YES;
				CLANG_WARN_OBJC_ROOT_CLASS = YES_ERROR;
				CLANG_WARN_QUOTED_INCLUDE_IN_FRAMEWORK_HEADER = YES;
				CLANG_WARN_RANGE_LOOP_ANALYSIS = YES;
				CLANG_WARN_STRICT_PROTOTYPES = YES;
				CLANG_WARN_SUSPICIOUS_MOVE = YES;
				CLANG_WARN_UNGUARDED_AVAILABILITY = YES_AGGRESSIVE;
				CLANG_WARN_UNREACHABLE_CODE = YES;
				CLANG_WARN__DUPLICATE_METHOD_MATCH = YES;
				COPY_PHASE_STRIP = NO;
				DEBUG_INFORMATION_FORMAT = "dwarf-with-dsym";
				ENABLE_NS_ASSERTIONS = NO;
				ENABLE_STRICT_OBJC_MSGSEND = YES;
				GCC_C_LANGUAGE_STANDARD = gnu11;
				GCC_NO_COMMON_BLOCKS = YES;
				GCC_WARN_64_TO_32_BIT_CONVERSION = YES;
				GCC_WARN_ABOUT_RETURN_TYPE = YES_ERROR;
				GCC_WARN_UNDECLARED_SELECTOR = YES;
				GCC_WARN_UNINITIALIZED_AUTOS = YES_AGGRESSIVE;
				GCC_WARN_UNUSED_FUNCTION = YES;
				GCC_WARN_UNUSED_VARIABLE = YES;
				IPHONEOS_DEPLOYMENT_TARGET = 15.0;
				MTL_ENABLE_DEBUG_INFO = NO;
				MTL_FAST_MATH = YES;
				SDKROOT = iphoneos;
				SWIFT_COMPILATION_MODE = wholemodule;
				SWIFT_OPTIMIZATION_LEVEL = "-O";
				VALIDATE_PRODUCT = YES;
			};
			name = Release;
		};
		3F8CD834272B9B6B00730A56 /* Debug */ = {
			isa = XCBuildConfiguration;
			buildSettings = {
				CODE_SIGN_STYLE = Automatic;
				OTHER_LDFLAGS = "-ObjC";
				OTHER_SWIFT_FLAGS = "-Xfrontend -enable-actor-data-race-checks -Xfrontend -warn-concurrency";
				PRODUCT_NAME = "$(TARGET_NAME)";
				SKIP_INSTALL = YES;
				SWIFT_VERSION = 5.0;
				TARGETED_DEVICE_FAMILY = "1,2";
			};
			name = Debug;
		};
		3F8CD835272B9B6B00730A56 /* Release */ = {
			isa = XCBuildConfiguration;
			buildSettings = {
				CODE_SIGN_STYLE = Automatic;
				OTHER_LDFLAGS = "-ObjC";
				OTHER_SWIFT_FLAGS = "-Xfrontend -enable-actor-data-race-checks -Xfrontend -warn-concurrency";
				PRODUCT_NAME = "$(TARGET_NAME)";
				SKIP_INSTALL = YES;
				SWIFT_VERSION = 5.0;
				TARGETED_DEVICE_FAMILY = "1,2";
			};
			name = Release;
		};
		3F8CD843272B9B8D00730A56 /* Debug */ = {
			isa = XCBuildConfiguration;
			buildSettings = {
				CODE_SIGN_STYLE = Automatic;
				CURRENT_PROJECT_VERSION = 1;
				GENERATE_INFOPLIST_FILE = YES;
				LD_RUNPATH_SEARCH_PATHS = (
					"$(inherited)",
					"@executable_path/Frameworks",
					"@loader_path/Frameworks",
				);
				MARKETING_VERSION = 1.0;
				PRODUCT_BUNDLE_IDENTIFIER = com.rjchatfield.AsyncArchitectureTests;
				PRODUCT_NAME = "$(TARGET_NAME)";
				SWIFT_EMIT_LOC_STRINGS = NO;
				SWIFT_VERSION = 5.0;
				TARGETED_DEVICE_FAMILY = "1,2";
			};
			name = Debug;
		};
		3F8CD844272B9B8D00730A56 /* Release */ = {
			isa = XCBuildConfiguration;
			buildSettings = {
				CODE_SIGN_STYLE = Automatic;
				CURRENT_PROJECT_VERSION = 1;
				GENERATE_INFOPLIST_FILE = YES;
				LD_RUNPATH_SEARCH_PATHS = (
					"$(inherited)",
					"@executable_path/Frameworks",
					"@loader_path/Frameworks",
				);
				MARKETING_VERSION = 1.0;
				PRODUCT_BUNDLE_IDENTIFIER = com.rjchatfield.AsyncArchitectureTests;
				PRODUCT_NAME = "$(TARGET_NAME)";
				SWIFT_EMIT_LOC_STRINGS = NO;
				SWIFT_VERSION = 5.0;
				TARGETED_DEVICE_FAMILY = "1,2";
			};
			name = Release;
		};
/* End XCBuildConfiguration section */

/* Begin XCConfigurationList section */
		3F8CD7F7272B923C00730A56 /* Build configuration list for PBXProject "AsyncStore" */ = {
			isa = XCConfigurationList;
			buildConfigurations = (
				3F8CD81E272B923E00730A56 /* Debug */,
				3F8CD81F272B923E00730A56 /* Release */,
			);
			defaultConfigurationIsVisible = 0;
			defaultConfigurationName = Release;
		};
		3F8CD833272B9B6B00730A56 /* Build configuration list for PBXNativeTarget "AsyncArchitecture" */ = {
			isa = XCConfigurationList;
			buildConfigurations = (
				3F8CD834272B9B6B00730A56 /* Debug */,
				3F8CD835272B9B6B00730A56 /* Release */,
			);
			defaultConfigurationIsVisible = 0;
			defaultConfigurationName = Release;
		};
		3F8CD842272B9B8D00730A56 /* Build configuration list for PBXNativeTarget "AsyncArchitectureTests" */ = {
			isa = XCConfigurationList;
			buildConfigurations = (
				3F8CD843272B9B8D00730A56 /* Debug */,
				3F8CD844272B9B8D00730A56 /* Release */,
			);
			defaultConfigurationIsVisible = 0;
			defaultConfigurationName = Release;
		};
/* End XCConfigurationList section */
	};
	rootObject = 3F8CD7F4272B923C00730A56 /* Project object */;
}
